# This file is autogenerated, do not edit; changes may be undone by the next 'dep ensure'.


[[projects]]
  branch = "master"
  name = "github.com/zemirco/uid"
  packages = ["."]
  revision = "3763f3c458321cb2e483ccefbcd4122b00393824"

[solve-meta]
  analyzer-name = "dep"
  analyzer-version = 1
  inputs-digest = "4d9beac37efc604584c2842fd149db1bc609cc5623be2b7c4193b28d0f56774a"
  solver-name = "gps-cdcl"
  solver-version = 1
